
Microsoft Visual Studio Solution File, Format Version 12.00
# Visual Studio Version 17
VisualStudioVersion = 17.13.35931.197 d17.13
MinimumVisualStudioVersion = 10.0.40219.1
Project("{FAE04EC0-301F-11D3-BF4B-00C04F79EFBC}") = "Bai 2", "Bai 2\Bai 2.csproj", "{C0DB1F96-BB1D-40E1-A3C3-36E9CB4B0A44}"
EndProject
Project("{FAE04EC0-301F-11D3-BF4B-00C04F79EFBC}") = "Bai 1", "Bai 1\Bai 1.csproj", "{E220DC89-07E3-46EF-9C45-35B569ED88EF}"
EndProject
Project("{FAE04EC0-301F-11D3-BF4B-00C04F79EFBC}") = "Bai 3", "Bai 3\Bai 3.csproj", "{6C4232E1-70EF-45D3-8203-A6C08E36EC06}"
EndProject
Project("{FAE04EC0-301F-11D3-BF4B-00C04F79EFBC}") = "Bai 4", "Bai 4\Bai 4.csproj", "{1FF0500F-6255-4AD2-87C9-A546FE2231C3}"
EndProject
Project("{FAE04EC0-301F-11D3-BF4B-00C04F79EFBC}") = "Bai 5", "Bai 5\Bai 5.csproj", "{DA3F16B1-5CFB-4531-96A3-B134DF9D66A9}"
EndProject
Project("{FAE04EC0-301F-11D3-BF4B-00C04F79EFBC}") = "bai 6", "bai 6\bai 6.csproj", "{03DF4F6B-528F-4479-A928-9288BDC02D7A}"
EndProject
Project("{FAE04EC0-301F-11D3-BF4B-00C04F79EFBC}") = "Bai 7", "Bai 7\Bai 7.csproj", "{E8372170-9D3D-4AA5-9BB2-73E3DBEAAD7E}"
EndProject
Project("{FAE04EC0-301F-11D3-BF4B-00C04F79EFBC}") = "Bai 8", "Bai 8\Bai 8.csproj", "{F566BA24-E3E6-42DD-B4F1-42DFF5F4B6F3}"
EndProject
Project("{FAE04EC0-301F-11D3-BF4B-00C04F79EFBC}") = "Bai  9", "Bai  9\Bai  9.csproj", "{6E31FCB5-6AED-4D25-9DE4-61848C407A51}"
EndProject
Project("{FAE04EC0-301F-11D3-BF4B-00C04F79EFBC}") = "Bai 10", "Bai 10\Bai 10.csproj", "{399B6F59-1300-4E6A-8240-6EA033EBD84B}"
EndProject
Project("{FAE04EC0-301F-11D3-BF4B-00C04F79EFBC}") = "Bai 11", "Bai 11\Bai 11.csproj", "{5144BFB1-C39A-4CB2-A27F-68EA9C92AF41}"
EndProject
Project("{FAE04EC0-301F-11D3-BF4B-00C04F79EFBC}") = "Bai 12", "Bai 12\Bai 12.csproj", "{224AE7E1-F17F-435F-835D-B395B36789B1}"
EndProject
Project("{FAE04EC0-301F-11D3-BF4B-00C04F79EFBC}") = "Bai 13", "Bai 13\Bai 13.csproj", "{557CD631-9751-4503-89E5-4DB1D82AB7A5}"
EndProject
Project("{FAE04EC0-301F-11D3-BF4B-00C04F79EFBC}") = "Bai 14", "Bai 14\Bai 14.csproj", "{FA6035FE-2B8E-40AF-8E1A-874135F78439}"
EndProject
Project("{FAE04EC0-301F-11D3-BF4B-00C04F79EFBC}") = "Bai 15", "Bai 15\Bai 15.csproj", "{6B7FEA5A-579A-4C5E-8A8A-B32D7C4879F3}"
EndProject
Project("{FAE04EC0-301F-11D3-BF4B-00C04F79EFBC}") = "Bai 16", "Bai 16\Bai 16.csproj", "{4CEBB8C2-92E6-4CEC-861A-5E5C760CBD82}"
EndProject
Project("{FAE04EC0-301F-11D3-BF4B-00C04F79EFBC}") = "Bai 17", "Bai 17\Bai 17.csproj", "{65598552-A2D8-44F3-A4A7-6954BF785A31}"
EndProject
Project("{FAE04EC0-301F-11D3-BF4B-00C04F79EFBC}") = "Bai 18", "Bai 18\Bai 18.csproj", "{8F92616A-B2A7-4280-A6A9-4327B919BA61}"
EndProject
Global
	GlobalSection(SolutionConfigurationPlatforms) = preSolution
		Debug|Any CPU = Debug|Any CPU
		Release|Any CPU = Release|Any CPU
	EndGlobalSection
	GlobalSection(ProjectConfigurationPlatforms) = postSolution
		{C0DB1F96-BB1D-40E1-A3C3-36E9CB4B0A44}.Debug|Any CPU.ActiveCfg = Debug|Any CPU
		{C0DB1F96-BB1D-40E1-A3C3-36E9CB4B0A44}.Debug|Any CPU.Build.0 = Debug|Any CPU
		{C0DB1F96-BB1D-40E1-A3C3-36E9CB4B0A44}.Release|Any CPU.ActiveCfg = Release|Any CPU
		{C0DB1F96-BB1D-40E1-A3C3-36E9CB4B0A44}.Release|Any CPU.Build.0 = Release|Any CPU
		{E220DC89-07E3-46EF-9C45-35B569ED88EF}.Debug|Any CPU.ActiveCfg = Debug|Any CPU
		{E220DC89-07E3-46EF-9C45-35B569ED88EF}.Debug|Any CPU.Build.0 = Debug|Any CPU
		{E220DC89-07E3-46EF-9C45-35B569ED88EF}.Release|Any CPU.ActiveCfg = Release|Any CPU
		{E220DC89-07E3-46EF-9C45-35B569ED88EF}.Release|Any CPU.Build.0 = Release|Any CPU
		{6C4232E1-70EF-45D3-8203-A6C08E36EC06}.Debug|Any CPU.ActiveCfg = Debug|Any CPU
		{6C4232E1-70EF-45D3-8203-A6C08E36EC06}.Debug|Any CPU.Build.0 = Debug|Any CPU
		{6C4232E1-70EF-45D3-8203-A6C08E36EC06}.Release|Any CPU.ActiveCfg = Release|Any CPU
		{6C4232E1-70EF-45D3-8203-A6C08E36EC06}.Release|Any CPU.Build.0 = Release|Any CPU
		{1FF0500F-6255-4AD2-87C9-A546FE2231C3}.Debug|Any CPU.ActiveCfg = Debug|Any CPU
		{1FF0500F-6255-4AD2-87C9-A546FE2231C3}.Debug|Any CPU.Build.0 = Debug|Any CPU
		{1FF0500F-6255-4AD2-87C9-A546FE2231C3}.Release|Any CPU.ActiveCfg = Release|Any CPU
		{1FF0500F-6255-4AD2-87C9-A546FE2231C3}.Release|Any CPU.Build.0 = Release|Any CPU
		{DA3F16B1-5CFB-4531-96A3-B134DF9D66A9}.Debug|Any CPU.ActiveCfg = Debug|Any CPU
		{DA3F16B1-5CFB-4531-96A3-B134DF9D66A9}.Debug|Any CPU.Build.0 = Debug|Any CPU
		{DA3F16B1-5CFB-4531-96A3-B134DF9D66A9}.Release|Any CPU.ActiveCfg = Release|Any CPU
		{DA3F16B1-5CFB-4531-96A3-B134DF9D66A9}.Release|Any CPU.Build.0 = Release|Any CPU
		{03DF4F6B-528F-4479-A928-9288BDC02D7A}.Debug|Any CPU.ActiveCfg = Debug|Any CPU
		{03DF4F6B-528F-4479-A928-9288BDC02D7A}.Debug|Any CPU.Build.0 = Debug|Any CPU
		{03DF4F6B-528F-4479-A928-9288BDC02D7A}.Release|Any CPU.ActiveCfg = Release|Any CPU
		{03DF4F6B-528F-4479-A928-9288BDC02D7A}.Release|Any CPU.Build.0 = Release|Any CPU
		{E8372170-9D3D-4AA5-9BB2-73E3DBEAAD7E}.Debug|Any CPU.ActiveCfg = Debug|Any CPU
		{E8372170-9D3D-4AA5-9BB2-73E3DBEAAD7E}.Debug|Any CPU.Build.0 = Debug|Any CPU
		{E8372170-9D3D-4AA5-9BB2-73E3DBEAAD7E}.Release|Any CPU.ActiveCfg = Release|Any CPU
		{E8372170-9D3D-4AA5-9BB2-73E3DBEAAD7E}.Release|Any CPU.Build.0 = Release|Any CPU
		{F566BA24-E3E6-42DD-B4F1-42DFF5F4B6F3}.Debug|Any CPU.ActiveCfg = Debug|Any CPU
		{F566BA24-E3E6-42DD-B4F1-42DFF5F4B6F3}.Debug|Any CPU.Build.0 = Debug|Any CPU
		{F566BA24-E3E6-42DD-B4F1-42DFF5F4B6F3}.Release|Any CPU.ActiveCfg = Release|Any CPU
		{F566BA24-E3E6-42DD-B4F1-42DFF5F4B6F3}.Release|Any CPU.Build.0 = Release|Any CPU
		{6E31FCB5-6AED-4D25-9DE4-61848C407A51}.Debug|Any CPU.ActiveCfg = Debug|Any CPU
		{6E31FCB5-6AED-4D25-9DE4-61848C407A51}.Debug|Any CPU.Build.0 = Debug|Any CPU
		{6E31FCB5-6AED-4D25-9DE4-61848C407A51}.Release|Any CPU.ActiveCfg = Release|Any CPU
		{6E31FCB5-6AED-4D25-9DE4-61848C407A51}.Release|Any CPU.Build.0 = Release|Any CPU
		{399B6F59-1300-4E6A-8240-6EA033EBD84B}.Debug|Any CPU.ActiveCfg = Debug|Any CPU
		{399B6F59-1300-4E6A-8240-6EA033EBD84B}.Debug|Any CPU.Build.0 = Debug|Any CPU
		{399B6F59-1300-4E6A-8240-6EA033EBD84B}.Release|Any CPU.ActiveCfg = Release|Any CPU
		{399B6F59-1300-4E6A-8240-6EA033EBD84B}.Release|Any CPU.Build.0 = Release|Any CPU
		{5144BFB1-C39A-4CB2-A27F-68EA9C92AF41}.Debug|Any CPU.ActiveCfg = Debug|Any CPU
		{5144BFB1-C39A-4CB2-A27F-68EA9C92AF41}.Debug|Any CPU.Build.0 = Debug|Any CPU
		{5144BFB1-C39A-4CB2-A27F-68EA9C92AF41}.Release|Any CPU.ActiveCfg = Release|Any CPU
		{5144BFB1-C39A-4CB2-A27F-68EA9C92AF41}.Release|Any CPU.Build.0 = Release|Any CPU
		{224AE7E1-F17F-435F-835D-B395B36789B1}.Debug|Any CPU.ActiveCfg = Debug|Any CPU
		{224AE7E1-F17F-435F-835D-B395B36789B1}.Debug|Any CPU.Build.0 = Debug|Any CPU
		{224AE7E1-F17F-435F-835D-B395B36789B1}.Release|Any CPU.ActiveCfg = Release|Any CPU
		{224AE7E1-F17F-435F-835D-B395B36789B1}.Release|Any CPU.Build.0 = Release|Any CPU
		{557CD631-9751-4503-89E5-4DB1D82AB7A5}.Debug|Any CPU.ActiveCfg = Debug|Any CPU
		{557CD631-9751-4503-89E5-4DB1D82AB7A5}.Debug|Any CPU.Build.0 = Debug|Any CPU
		{557CD631-9751-4503-89E5-4DB1D82AB7A5}.Release|Any CPU.ActiveCfg = Release|Any CPU
		{557CD631-9751-4503-89E5-4DB1D82AB7A5}.Release|Any CPU.Build.0 = Release|Any CPU
		{FA6035FE-2B8E-40AF-8E1A-874135F78439}.Debug|Any CPU.ActiveCfg = Debug|Any CPU
		{FA6035FE-2B8E-40AF-8E1A-874135F78439}.Debug|Any CPU.Build.0 = Debug|Any CPU
		{FA6035FE-2B8E-40AF-8E1A-874135F78439}.Release|Any CPU.ActiveCfg = Release|Any CPU
		{FA6035FE-2B8E-40AF-8E1A-874135F78439}.Release|Any CPU.Build.0 = Release|Any CPU
		{6B7FEA5A-579A-4C5E-8A8A-B32D7C4879F3}.Debug|Any CPU.ActiveCfg = Debug|Any CPU
		{6B7FEA5A-579A-4C5E-8A8A-B32D7C4879F3}.Debug|Any CPU.Build.0 = Debug|Any CPU
		{6B7FEA5A-579A-4C5E-8A8A-B32D7C4879F3}.Release|Any CPU.ActiveCfg = Release|Any CPU
		{6B7FEA5A-579A-4C5E-8A8A-B32D7C4879F3}.Release|Any CPU.Build.0 = Release|Any CPU
		{4CEBB8C2-92E6-4CEC-861A-5E5C760CBD82}.Debug|Any CPU.ActiveCfg = Debug|Any CPU
		{4CEBB8C2-92E6-4CEC-861A-5E5C760CBD82}.Debug|Any CPU.Build.0 = Debug|Any CPU
		{4CEBB8C2-92E6-4CEC-861A-5E5C760CBD82}.Release|Any CPU.ActiveCfg = Release|Any CPU
		{4CEBB8C2-92E6-4CEC-861A-5E5C760CBD82}.Release|Any CPU.Build.0 = Release|Any CPU
		{65598552-A2D8-44F3-A4A7-6954BF785A31}.Debug|Any CPU.ActiveCfg = Debug|Any CPU
		{65598552-A2D8-44F3-A4A7-6954BF785A31}.Debug|Any CPU.Build.0 = Debug|Any CPU
		{65598552-A2D8-44F3-A4A7-6954BF785A31}.Release|Any CPU.ActiveCfg = Release|Any CPU
		{65598552-A2D8-44F3-A4A7-6954BF785A31}.Release|Any CPU.Build.0 = Release|Any CPU
		{8F92616A-B2A7-4280-A6A9-4327B919BA61}.Debug|Any CPU.ActiveCfg = Debug|Any CPU
		{8F92616A-B2A7-4280-A6A9-4327B919BA61}.Debug|Any CPU.Build.0 = Debug|Any CPU
		{8F92616A-B2A7-4280-A6A9-4327B919BA61}.Release|Any CPU.ActiveCfg = Release|Any CPU
		{8F92616A-B2A7-4280-A6A9-4327B919BA61}.Release|Any CPU.Build.0 = Release|Any CPU
	EndGlobalSection
	GlobalSection(SolutionProperties) = preSolution
		HideSolutionNode = FALSE
	EndGlobalSection
	GlobalSection(ExtensibilityGlobals) = postSolution
		SolutionGuid = {86C89DE1-8D53-47D5-AFF3-B4BC1CD41006}
	EndGlobalSection
EndGlobal
